
Microsoft Visual Studio Solution File, Format Version 12.00
# Visual Studio Version 17
VisualStudioVersion = 17.5.33627.172
MinimumVisualStudioVersion = 10.0.40219.1
Project("{FAE04EC0-301F-11D3-BF4B-00C04F79EFBC}") = "Presentación", "Presentación\Presentación.csproj", "{635BAD71-A97B-4686-9234-9FBBB68EB761}"
EndProject
Project("{FAE04EC0-301F-11D3-BF4B-00C04F79EFBC}") = "Entidades", "Entidades\Entidades.csproj", "{1CAA4EB7-3D11-446C-9E76-4D450D3944AE}"
EndProject
Project("{FAE04EC0-301F-11D3-BF4B-00C04F79EFBC}") = "Lógica", "Lógica\Lógica.csproj", "{18478747-3B99-4862-92D2-7DCB4FE5EA30}"
EndProject
Project("{FAE04EC0-301F-11D3-BF4B-00C04F79EFBC}") = "Datos", "Datos\Datos.csproj", "{BC4BB924-3E71-4528-A0EE-476455008F53}"
EndProject
Global
	GlobalSection(SolutionConfigurationPlatforms) = preSolution
		Debug|Any CPU = Debug|Any CPU
		Release|Any CPU = Release|Any CPU
	EndGlobalSection
	GlobalSection(ProjectConfigurationPlatforms) = postSolution
		{635BAD71-A97B-4686-9234-9FBBB68EB761}.Debug|Any CPU.ActiveCfg = Debug|Any CPU
		{635BAD71-A97B-4686-9234-9FBBB68EB761}.Debug|Any CPU.Build.0 = Debug|Any CPU
		{635BAD71-A97B-4686-9234-9FBBB68EB761}.Release|Any CPU.ActiveCfg = Release|Any CPU
		{635BAD71-A97B-4686-9234-9FBBB68EB761}.Release|Any CPU.Build.0 = Release|Any CPU
		{1CAA4EB7-3D11-446C-9E76-4D450D3944AE}.Debug|Any CPU.ActiveCfg = Debug|Any CPU
		{1CAA4EB7-3D11-446C-9E76-4D450D3944AE}.Debug|Any CPU.Build.0 = Debug|Any CPU
		{1CAA4EB7-3D11-446C-9E76-4D450D3944AE}.Release|Any CPU.ActiveCfg = Release|Any CPU
		{1CAA4EB7-3D11-446C-9E76-4D450D3944AE}.Release|Any CPU.Build.0 = Release|Any CPU
		{18478747-3B99-4862-92D2-7DCB4FE5EA30}.Debug|Any CPU.ActiveCfg = Debug|Any CPU
		{18478747-3B99-4862-92D2-7DCB4FE5EA30}.Debug|Any CPU.Build.0 = Debug|Any CPU
		{18478747-3B99-4862-92D2-7DCB4FE5EA30}.Release|Any CPU.ActiveCfg = Release|Any CPU
		{18478747-3B99-4862-92D2-7DCB4FE5EA30}.Release|Any CPU.Build.0 = Release|Any CPU
		{BC4BB924-3E71-4528-A0EE-476455008F53}.Debug|Any CPU.ActiveCfg = Debug|Any CPU
		{BC4BB924-3E71-4528-A0EE-476455008F53}.Debug|Any CPU.Build.0 = Debug|Any CPU
		{BC4BB924-3E71-4528-A0EE-476455008F53}.Release|Any CPU.ActiveCfg = Release|Any CPU
		{BC4BB924-3E71-4528-A0EE-476455008F53}.Release|Any CPU.Build.0 = Release|Any CPU
	EndGlobalSection
	GlobalSection(SolutionProperties) = preSolution
		HideSolutionNode = FALSE
	EndGlobalSection
	GlobalSection(ExtensibilityGlobals) = postSolution
		SolutionGuid = {43F07B3B-6753-401F-9B69-88C883A35C77}
	EndGlobalSection
EndGlobal
